PODS:
  - LZDependencyToolkit (1.9.6):
    - LZDependencyToolkit/Category (= 1.9.6)
    - LZDependencyToolkit/Define (= 1.9.6)
    - LZDependencyToolkit/Object (= 1.9.6)
    - LZDependencyToolkit/Struct (= 1.9.6)
  - LZDependencyToolkit/Category (1.9.6):
    - MJRefresh
  - LZDependencyToolkit/Define (1.9.6)
  - LZDependencyToolkit/Object (1.9.6)
  - LZDependencyToolkit/Struct (1.9.6):
    - LZDependencyToolkit/Struct/AppUnit (= 1.9.6)
    - LZDependencyToolkit/Struct/CryptoUnit (= 1.9.6)
    - LZDependencyToolkit/Struct/DeviceUnit (= 1.9.6)
    - LZDependencyToolkit/Struct/QuickUnit (= 1.9.6)
  - LZDependencyToolkit/Struct/AppUnit (1.9.6)
  - LZDependencyToolkit/Struct/CryptoUnit (1.9.6)
  - LZDependencyToolkit/Struct/DeviceUnit (1.9.6)
  - LZDependencyToolkit/Struct/QuickUnit (1.9.6)
  - LZPhotoBrowser (0.1.6):
    - LZDependencyToolkit
    - SDWebImage
    - ZLPhotoBrowser
  - MJRefresh (3.5.0)
  - SDWebImage (5.9.3):
    - SDWebImage/Core (= 5.9.3)
  - SDWebImage/Core (5.9.3)
  - ZLPhotoBrowser (3.2.0):
    - SDWebImage

DEPENDENCIES:
  - LZPhotoBrowser (from `../`)

SPEC REPOS:
  https://github.com/CocoaPods/Specs.git:
    - LZDependencyToolkit
    - MJRefresh
    - SDWebImage
    - ZLPhotoBrowser

EXTERNAL SOURCES:
  LZPhotoBrowser:
    :path: "../"

SPEC CHECKSUMS:
  LZDependencyToolkit: cf31d80fe49993cf82f65a74c0d31767ecb28a6f
  LZPhotoBrowser: d2ee3d7bbed26e2d484aa05a0fbafd7509ba4942
  MJRefresh: 6afc955813966afb08305477dd7a0d9ad5e79a16
  SDWebImage: a31ee8e90a97303529e03fb0c333eae0eacb88e9
  ZLPhotoBrowser: 3748fdbeb2b28961c2495d15131dbf413082e1b9

PODFILE CHECKSUM: 351b0abbde0391f1733013e746cdc086bc478a65

COCOAPODS: 1.9.3
