PODS:
  - LZDependencyToolkit (2.1.4):
    - LZDependencyToolkit/Category (= 2.1.4)
    - LZDependencyToolkit/Define (= 2.1.4)
    - LZDependencyToolkit/Object (= 2.1.4)
    - LZDependencyToolkit/Struct (= 2.1.4)
  - LZDependencyToolkit/Category (2.1.4):
    - MJRefresh
  - LZDependencyToolkit/Define (2.1.4)
  - LZDependencyToolkit/Object (2.1.4)
  - LZDependencyToolkit/Struct (2.1.4):
    - LZDependencyToolkit/Struct/AppUnit (= 2.1.4)
    - LZDependencyToolkit/Struct/CryptoUnit (= 2.1.4)
    - LZDependencyToolkit/Struct/DeviceUnit (= 2.1.4)
    - LZDependencyToolkit/Struct/QuickUnit (= 2.1.4)
  - LZDependencyToolkit/Struct/AppUnit (2.1.4)
  - LZDependencyToolkit/Struct/CryptoUnit (2.1.4)
  - LZDependencyToolkit/Struct/DeviceUnit (2.1.4)
  - LZDependencyToolkit/Struct/QuickUnit (2.1.4)
  - LZPhotoBrowser (0.2.3):
    - LZDependencyToolkit
    - SDWebImage
    - ZLPhotoBrowser
  - MJRefresh (3.5.0)
  - SDWebImage (5.10.4):
    - SDWebImage/Core (= 5.10.4)
  - SDWebImage/Core (5.10.4)
  - ZLPhotoBrowser (3.2.0):
    - SDWebImage

DEPENDENCIES:
  - LZPhotoBrowser (from `../`)

SPEC REPOS:
  https://github.com/CocoaPods/Specs.git:
    - LZDependencyToolkit
    - MJRefresh
    - SDWebImage
    - ZLPhotoBrowser

EXTERNAL SOURCES:
  LZPhotoBrowser:
    :path: "../"

SPEC CHECKSUMS:
  LZDependencyToolkit: 3f56e2293f5a511c9798ca653c461337d4290c97
  LZPhotoBrowser: 9ad2664779d16b82c5e45946059bd6f76283c0a4
  MJRefresh: 6afc955813966afb08305477dd7a0d9ad5e79a16
  SDWebImage: c666b97e1fa9c64b4909816a903322018f0a9c84
  ZLPhotoBrowser: 3748fdbeb2b28961c2495d15131dbf413082e1b9

PODFILE CHECKSUM: 351b0abbde0391f1733013e746cdc086bc478a65

COCOAPODS: 1.10.1
